// !$*UTF8*$!
{
	archiveVersion = 1;
	classes = {
	};
	objectVersion = 50;
	objects = {

/* Begin PBXBuildFile section */
		70182D9624B9608A00954922 /* AppDelegate.swift in Sources */ = {isa = PBXBuildFile; fileRef = 70182D9524B9608A00954922 /* AppDelegate.swift */; };
		70182D9824B9608A00954922 /* SceneDelegate.swift in Sources */ = {isa = PBXBuildFile; fileRef = 70182D9724B9608A00954922 /* SceneDelegate.swift */; };
		70182D9A24B9608A00954922 /* ContentView.swift in Sources */ = {isa = PBXBuildFile; fileRef = 70182D9924B9608A00954922 /* ContentView.swift */; };
		70182D9C24B9608C00954922 /* Assets.xcassets in Resources */ = {isa = PBXBuildFile; fileRef = 70182D9B24B9608C00954922 /* Assets.xcassets */; };
		70182D9F24B9608C00954922 /* Preview Assets.xcassets in Resources */ = {isa = PBXBuildFile; fileRef = 70182D9E24B9608C00954922 /* Preview Assets.xcassets */; };
		70182DA224B9608C00954922 /* LaunchScreen.storyboard in Resources */ = {isa = PBXBuildFile; fileRef = 70182DA024B9608C00954922 /* LaunchScreen.storyboard */; };
		706772A524B9688D003B3EF8 /* CircleImage.swift in Sources */ = {isa = PBXBuildFile; fileRef = 706772A424B9688D003B3EF8 /* CircleImage.swift */; };
		706772A724B96FD1003B3EF8 /* MapView.swift in Sources */ = {isa = PBXBuildFile; fileRef = 706772A624B96FD1003B3EF8 /* MapView.swift */; };
		706772DA24B98666003B3EF8 /* Data.swift in Sources */ = {isa = PBXBuildFile; fileRef = 706772D924B98666003B3EF8 /* Data.swift */; };
		706772DC24B98683003B3EF8 /* Landmark.swift in Sources */ = {isa = PBXBuildFile; fileRef = 706772DB24B98683003B3EF8 /* Landmark.swift */; };
		706772E324B987E2003B3EF8 /* LandmarkRow.swift in Sources */ = {isa = PBXBuildFile; fileRef = 706772E224B987E2003B3EF8 /* LandmarkRow.swift */; };
		706772F124B98B69003B3EF8 /* twinlake.jpg in Resources */ = {isa = PBXBuildFile; fileRef = 706772E424B98B68003B3EF8 /* twinlake.jpg */; };
		706772F224B98B69003B3EF8 /* icybay.jpg in Resources */ = {isa = PBXBuildFile; fileRef = 706772E524B98B68003B3EF8 /* icybay.jpg */; };
		706772F324B98B69003B3EF8 /* chilkoottrail.jpg in Resources */ = {isa = PBXBuildFile; fileRef = 706772E624B98B68003B3EF8 /* chilkoottrail.jpg */; };
		706772F424B98B69003B3EF8 /* rainbowlake.jpg in Resources */ = {isa = PBXBuildFile; fileRef = 706772E724B98B68003B3EF8 /* rainbowlake.jpg */; };
		706772F524B98B69003B3EF8 /* turtlerock.jpg in Resources */ = {isa = PBXBuildFile; fileRef = 706772E824B98B68003B3EF8 /* turtlerock.jpg */; };
		706772F624B98B69003B3EF8 /* silversalmoncreek.jpg in Resources */ = {isa = PBXBuildFile; fileRef = 706772E924B98B68003B3EF8 /* silversalmoncreek.jpg */; };
		706772F724B98B69003B3EF8 /* hiddenlake.jpg in Resources */ = {isa = PBXBuildFile; fileRef = 706772EA24B98B69003B3EF8 /* hiddenlake.jpg */; };
		706772F824B98B69003B3EF8 /* lakemcdonald.jpg in Resources */ = {isa = PBXBuildFile; fileRef = 706772EB24B98B69003B3EF8 /* lakemcdonald.jpg */; };
		706772F924B98B69003B3EF8 /* stmarylake.jpg in Resources */ = {isa = PBXBuildFile; fileRef = 706772EC24B98B69003B3EF8 /* stmarylake.jpg */; };
		706772FA24B98B69003B3EF8 /* yukon_charleyrivers.jpg in Resources */ = {isa = PBXBuildFile; fileRef = 706772ED24B98B69003B3EF8 /* yukon_charleyrivers.jpg */; };
		706772FB24B98B69003B3EF8 /* chincoteague.jpg in Resources */ = {isa = PBXBuildFile; fileRef = 706772EE24B98B69003B3EF8 /* chincoteague.jpg */; };
		706772FC24B98B69003B3EF8 /* umbagog.jpg in Resources */ = {isa = PBXBuildFile; fileRef = 706772EF24B98B69003B3EF8 /* umbagog.jpg */; };
		70C826D424BAC36300216CFC /* landmarkData.json in Resources */ = {isa = PBXBuildFile; fileRef = 706772E024B9879D003B3EF8 /* landmarkData.json */; };
		70C826D624BAC42F00216CFC /* charleyrivers.jpg in Resources */ = {isa = PBXBuildFile; fileRef = 70C826D524BAC42E00216CFC /* charleyrivers.jpg */; };
		70C826D824BACF3900216CFC /* UserData.swift in Sources */ = {isa = PBXBuildFile; fileRef = 70C826D724BACF3900216CFC /* UserData.swift */; };
		70C826D924BADE1900216CFC /* UserData.swift in Resources */ = {isa = PBXBuildFile; fileRef = 70C826D724BACF3900216CFC /* UserData.swift */; };
		70D9DDCF24BA00CC0098A9B6 /* LandmarkList.swift in Sources */ = {isa = PBXBuildFile; fileRef = 70D9DDCE24BA00CC0098A9B6 /* LandmarkList.swift */; };
/* End PBXBuildFile section */

/* Begin PBXFileReference section */
		70182D9224B9608A00954922 /* swiftui_tutorilals.app */ = {isa = PBXFileReference; explicitFileType = wrapper.application; includeInIndex = 0; path = swiftui_tutorilals.app; sourceTree = BUILT_PRODUCTS_DIR; };
		70182D9524B9608A00954922 /* AppDelegate.swift */ = {isa = PBXFileReference; lastKnownFileType = sourcecode.swift; path = AppDelegate.swift; sourceTree = "<group>"; };
		70182D9724B9608A00954922 /* SceneDelegate.swift */ = {isa = PBXFileReference; lastKnownFileType = sourcecode.swift; path = SceneDelegate.swift; sourceTree = "<group>"; };
		70182D9924B9608A00954922 /* ContentView.swift */ = {isa = PBXFileReference; lastKnownFileType = sourcecode.swift; path = ContentView.swift; sourceTree = "<group>"; };
		70182D9B24B9608C00954922 /* Assets.xcassets */ = {isa = PBXFileReference; lastKnownFileType = folder.assetcatalog; path = Assets.xcassets; sourceTree = "<group>"; };
		70182D9E24B9608C00954922 /* Preview Assets.xcassets */ = {isa = PBXFileReference; lastKnownFileType = folder.assetcatalog; path = "Preview Assets.xcassets"; sourceTree = "<group>"; };
		70182DA124B9608C00954922 /* Base */ = {isa = PBXFileReference; lastKnownFileType = file.storyboard; name = Base; path = Base.lproj/LaunchScreen.storyboard; sourceTree = "<group>"; };
		70182DA324B9608C00954922 /* Info.plist */ = {isa = PBXFileReference; lastKnownFileType = text.plist.xml; path = Info.plist; sourceTree = "<group>"; };
		706772A424B9688D003B3EF8 /* CircleImage.swift */ = {isa = PBXFileReference; lastKnownFileType = sourcecode.swift; path = CircleImage.swift; sourceTree = "<group>"; };
		706772A624B96FD1003B3EF8 /* MapView.swift */ = {isa = PBXFileReference; lastKnownFileType = sourcecode.swift; path = MapView.swift; sourceTree = "<group>"; };
		706772D924B98666003B3EF8 /* Data.swift */ = {isa = PBXFileReference; lastKnownFileType = sourcecode.swift; path = Data.swift; sourceTree = "<group>"; };
		706772DB24B98683003B3EF8 /* Landmark.swift */ = {isa = PBXFileReference; lastKnownFileType = sourcecode.swift; path = Landmark.swift; sourceTree = "<group>"; };
		706772E024B9879D003B3EF8 /* landmarkData.json */ = {isa = PBXFileReference; lastKnownFileType = text.json; path = landmarkData.json; sourceTree = "<group>"; };
		706772E224B987E2003B3EF8 /* LandmarkRow.swift */ = {isa = PBXFileReference; lastKnownFileType = sourcecode.swift; path = LandmarkRow.swift; sourceTree = "<group>"; };
		706772E424B98B68003B3EF8 /* twinlake.jpg */ = {isa = PBXFileReference; lastKnownFileType = image.jpeg; path = twinlake.jpg; sourceTree = "<group>"; };
		706772E524B98B68003B3EF8 /* icybay.jpg */ = {isa = PBXFileReference; lastKnownFileType = image.jpeg; path = icybay.jpg; sourceTree = "<group>"; };
		706772E624B98B68003B3EF8 /* chilkoottrail.jpg */ = {isa = PBXFileReference; lastKnownFileType = image.jpeg; path = chilkoottrail.jpg; sourceTree = "<group>"; };
		706772E724B98B68003B3EF8 /* rainbowlake.jpg */ = {isa = PBXFileReference; lastKnownFileType = image.jpeg; path = rainbowlake.jpg; sourceTree = "<group>"; };
		706772E824B98B68003B3EF8 /* turtlerock.jpg */ = {isa = PBXFileReference; lastKnownFileType = image.jpeg; path = turtlerock.jpg; sourceTree = "<group>"; };
		706772E924B98B68003B3EF8 /* silversalmoncreek.jpg */ = {isa = PBXFileReference; lastKnownFileType = image.jpeg; path = silversalmoncreek.jpg; sourceTree = "<group>"; };
		706772EA24B98B69003B3EF8 /* hiddenlake.jpg */ = {isa = PBXFileReference; lastKnownFileType = image.jpeg; path = hiddenlake.jpg; sourceTree = "<group>"; };
		706772EB24B98B69003B3EF8 /* lakemcdonald.jpg */ = {isa = PBXFileReference; lastKnownFileType = image.jpeg; path = lakemcdonald.jpg; sourceTree = "<group>"; };
		706772EC24B98B69003B3EF8 /* stmarylake.jpg */ = {isa = PBXFileReference; lastKnownFileType = image.jpeg; path = stmarylake.jpg; sourceTree = "<group>"; };
		706772ED24B98B69003B3EF8 /* yukon_charleyrivers.jpg */ = {isa = PBXFileReference; lastKnownFileType = image.jpeg; path = yukon_charleyrivers.jpg; sourceTree = "<group>"; };
		706772EE24B98B69003B3EF8 /* chincoteague.jpg */ = {isa = PBXFileReference; lastKnownFileType = image.jpeg; path = chincoteague.jpg; sourceTree = "<group>"; };
		706772EF24B98B69003B3EF8 /* umbagog.jpg */ = {isa = PBXFileReference; lastKnownFileType = image.jpeg; path = umbagog.jpg; sourceTree = "<group>"; };
		70C826D524BAC42E00216CFC /* charleyrivers.jpg */ = {isa = PBXFileReference; lastKnownFileType = image.jpeg; path = charleyrivers.jpg; sourceTree = "<group>"; };
		70C826D724BACF3900216CFC /* UserData.swift */ = {isa = PBXFileReference; lastKnownFileType = sourcecode.swift; path = UserData.swift; sourceTree = "<group>"; };
		70D9DDCE24BA00CC0098A9B6 /* LandmarkList.swift */ = {isa = PBXFileReference; lastKnownFileType = sourcecode.swift; path = LandmarkList.swift; sourceTree = "<group>"; };
/* End PBXFileReference section */

/* Begin PBXFrameworksBuildPhase section */
		70182D8F24B9608A00954922 /* Frameworks */ = {
			isa = PBXFrameworksBuildPhase;
			buildActionMask = 2147483647;
			files = (
			);
			runOnlyForDeploymentPostprocessing = 0;
		};
/* End PBXFrameworksBuildPhase section */

/* Begin PBXGroup section */
		70182D8924B9608A00954922 = {
			isa = PBXGroup;
			children = (
				70182D9424B9608A00954922 /* swiftui_tutorilals */,
				70182D9324B9608A00954922 /* Products */,
			);
			sourceTree = "<group>";
		};
		70182D9324B9608A00954922 /* Products */ = {
			isa = PBXGroup;
			children = (
				70182D9224B9608A00954922 /* swiftui_tutorilals.app */,
			);
			name = Products;
			sourceTree = "<group>";
		};
		70182D9424B9608A00954922 /* swiftui_tutorilals */ = {
			isa = PBXGroup;
			children = (
				706772DF24B98785003B3EF8 /* Resources */,
				706772DD24B986E1003B3EF8 /* Views */,
				706772D824B98651003B3EF8 /* Models */,
				70182D9524B9608A00954922 /* AppDelegate.swift */,
				70182D9724B9608A00954922 /* SceneDelegate.swift */,
				70182D9B24B9608C00954922 /* Assets.xcassets */,
				70182DA024B9608C00954922 /* LaunchScreen.storyboard */,
				70182DA324B9608C00954922 /* Info.plist */,
				70182D9D24B9608C00954922 /* Preview Content */,
			);
			path = swiftui_tutorilals;
			sourceTree = "<group>";
		};
		70182D9D24B9608C00954922 /* Preview Content */ = {
			isa = PBXGroup;
			children = (
				70182D9E24B9608C00954922 /* Preview Assets.xcassets */,
			);
			path = "Preview Content";
			sourceTree = "<group>";
		};
		706772D824B98651003B3EF8 /* Models */ = {
			isa = PBXGroup;
			children = (
				70C826D724BACF3900216CFC /* UserData.swift */,
				706772D924B98666003B3EF8 /* Data.swift */,
				706772DB24B98683003B3EF8 /* Landmark.swift */,
			);
			path = Models;
			sourceTree = "<group>";
		};
		706772DD24B986E1003B3EF8 /* Views */ = {
			isa = PBXGroup;
			children = (
				70182D9924B9608A00954922 /* ContentView.swift */,
				706772DE24B986F0003B3EF8 /* Supporting Views */,
			);
			path = Views;
			sourceTree = "<group>";
		};
		706772DE24B986F0003B3EF8 /* Supporting Views */ = {
			isa = PBXGroup;
			children = (
				706772A424B9688D003B3EF8 /* CircleImage.swift */,
				706772A624B96FD1003B3EF8 /* MapView.swift */,
				706772E224B987E2003B3EF8 /* LandmarkRow.swift */,
				70D9DDCE24BA00CC0098A9B6 /* LandmarkList.swift */,
			);
			path = "Supporting Views";
			sourceTree = "<group>";
		};
		706772DF24B98785003B3EF8 /* Resources */ = {
			isa = PBXGroup;
			children = (
				70C826D524BAC42E00216CFC /* charleyrivers.jpg */,
				706772E624B98B68003B3EF8 /* chilkoottrail.jpg */,
				706772EE24B98B69003B3EF8 /* chincoteague.jpg */,
				706772EA24B98B69003B3EF8 /* hiddenlake.jpg */,
				706772E524B98B68003B3EF8 /* icybay.jpg */,
				706772EB24B98B69003B3EF8 /* lakemcdonald.jpg */,
				706772E724B98B68003B3EF8 /* rainbowlake.jpg */,
				706772E924B98B68003B3EF8 /* silversalmoncreek.jpg */,
				706772EC24B98B69003B3EF8 /* stmarylake.jpg */,
				706772E824B98B68003B3EF8 /* turtlerock.jpg */,
				706772E424B98B68003B3EF8 /* twinlake.jpg */,
				706772EF24B98B69003B3EF8 /* umbagog.jpg */,
				706772ED24B98B69003B3EF8 /* yukon_charleyrivers.jpg */,
				706772E024B9879D003B3EF8 /* landmarkData.json */,
			);
			path = Resources;
			sourceTree = "<group>";
		};
/* End PBXGroup section */

/* Begin PBXNativeTarget section */
		70182D9124B9608A00954922 /* swiftui_tutorilals */ = {
			isa = PBXNativeTarget;
			buildConfigurationList = 70182DA624B9608C00954922 /* Build configuration list for PBXNativeTarget "swiftui_tutorilals" */;
			buildPhases = (
				70182D8E24B9608A00954922 /* Sources */,
				70182D8F24B9608A00954922 /* Frameworks */,
				70182D9024B9608A00954922 /* Resources */,
			);
			buildRules = (
			);
			dependencies = (
			);
			name = swiftui_tutorilals;
			productName = swiftui_tutorilals;
			productReference = 70182D9224B9608A00954922 /* swiftui_tutorilals.app */;
			productType = "com.apple.product-type.application";
		};
/* End PBXNativeTarget section */

/* Begin PBXProject section */
		70182D8A24B9608A00954922 /* Project object */ = {
			isa = PBXProject;
			attributes = {
				LastSwiftUpdateCheck = 1150;
				LastUpgradeCheck = 1150;
				ORGANIZATIONNAME = "Yusuke Miyata";
				TargetAttributes = {
					70182D9124B9608A00954922 = {
						CreatedOnToolsVersion = 11.5;
					};
				};
			};
			buildConfigurationList = 70182D8D24B9608A00954922 /* Build configuration list for PBXProject "swiftui_tutorilals" */;
			compatibilityVersion = "Xcode 9.3";
			developmentRegion = en;
			hasScannedForEncodings = 0;
			knownRegions = (
				en,
				Base,
			);
			mainGroup = 70182D8924B9608A00954922;
			productRefGroup = 70182D9324B9608A00954922 /* Products */;
			projectDirPath = "";
			projectRoot = "";
			targets = (
				70182D9124B9608A00954922 /* swiftui_tutorilals */,
			);
		};
/* End PBXProject section */

/* Begin PBXResourcesBuildPhase section */
		70182D9024B9608A00954922 /* Resources */ = {
			isa = PBXResourcesBuildPhase;
			buildActionMask = 2147483647;
			files = (
				70C826D924BADE1900216CFC /* UserData.swift in Resources */,
				70C826D424BAC36300216CFC /* landmarkData.json in Resources */,
				706772FA24B98B69003B3EF8 /* yukon_charleyrivers.jpg in Resources */,
				70182DA224B9608C00954922 /* LaunchScreen.storyboard in Resources */,
				706772F124B98B69003B3EF8 /* twinlake.jpg in Resources */,
				706772F524B98B69003B3EF8 /* turtlerock.jpg in Resources */,
				706772F924B98B69003B3EF8 /* stmarylake.jpg in Resources */,
				706772F324B98B69003B3EF8 /* chilkoottrail.jpg in Resources */,
				70C826D624BAC42F00216CFC /* charleyrivers.jpg in Resources */,
				706772F724B98B69003B3EF8 /* hiddenlake.jpg in Resources */,
				706772F824B98B69003B3EF8 /* lakemcdonald.jpg in Resources */,
				706772FB24B98B69003B3EF8 /* chincoteague.jpg in Resources */,
				706772F624B98B69003B3EF8 /* silversalmoncreek.jpg in Resources */,
				70182D9F24B9608C00954922 /* Preview Assets.xcassets in Resources */,
				706772FC24B98B69003B3EF8 /* umbagog.jpg in Resources */,
				706772F424B98B69003B3EF8 /* rainbowlake.jpg in Resources */,
				706772F224B98B69003B3EF8 /* icybay.jpg in Resources */,
				70182D9C24B9608C00954922 /* Assets.xcassets in Resources */,
			);
			runOnlyForDeploymentPostprocessing = 0;
		};
/* End PBXResourcesBuildPhase section */

/* Begin PBXSourcesBuildPhase section */
		70182D8E24B9608A00954922 /* Sources */ = {
			isa = PBXSourcesBuildPhase;
			buildActionMask = 2147483647;
			files = (
				706772DA24B98666003B3EF8 /* Data.swift in Sources */,
				70182D9624B9608A00954922 /* AppDelegate.swift in Sources */,
				706772A524B9688D003B3EF8 /* CircleImage.swift in Sources */,
				706772DC24B98683003B3EF8 /* Landmark.swift in Sources */,
				70D9DDCF24BA00CC0098A9B6 /* LandmarkList.swift in Sources */,
				706772A724B96FD1003B3EF8 /* MapView.swift in Sources */,
				70182D9824B9608A00954922 /* SceneDelegate.swift in Sources */,
				706772E324B987E2003B3EF8 /* LandmarkRow.swift in Sources */,
				70C826D824BACF3900216CFC /* UserData.swift in Sources */,
				70182D9A24B9608A00954922 /* ContentView.swift in Sources */,
			);
			runOnlyForDeploymentPostprocessing = 0;
		};
/* End PBXSourcesBuildPhase section */

/* Begin PBXVariantGroup section */
		70182DA024B9608C00954922 /* LaunchScreen.storyboard */ = {
			isa = PBXVariantGroup;
			children = (
				70182DA124B9608C00954922 /* Base */,
			);
			name = LaunchScreen.storyboard;
			sourceTree = "<group>";
		};
/* End PBXVariantGroup section */

/* Begin XCBuildConfiguration section */
		70182DA424B9608C00954922 /* Debug */ = {
			isa = XCBuildConfiguration;
			buildSettings = {
				ALWAYS_SEARCH_USER_PATHS = NO;
				CLANG_ANALYZER_NONNULL = YES;
				CLANG_ANALYZER_NUMBER_OBJECT_CONVERSION = YES_AGGRESSIVE;
				CLANG_CXX_LANGUAGE_STANDARD = "gnu++14";
				CLANG_CXX_LIBRARY = "libc++";
				CLANG_ENABLE_MODULES = YES;
				CLANG_ENABLE_OBJC_ARC = YES;
				CLANG_ENABLE_OBJC_WEAK = YES;
				CLANG_WARN_BLOCK_CAPTURE_AUTORELEASING = YES;
				CLANG_WARN_BOOL_CONVERSION = YES;
				CLANG_WARN_COMMA = YES;
				CLANG_WARN_CONSTANT_CONVERSION = YES;
				CLANG_WARN_DEPRECATED_OBJC_IMPLEMENTATIONS = YES;
				CLANG_WARN_DIRECT_OBJC_ISA_USAGE = YES_ERROR;
				CLANG_WARN_DOCUMENTATION_COMMENTS = YES;
				CLANG_WARN_EMPTY_BODY = YES;
				CLANG_WARN_ENUM_CONVERSION = YES;
				CLANG_WARN_INFINITE_RECURSION = YES;
				CLANG_WARN_INT_CONVERSION = YES;
				CLANG_WARN_NON_LITERAL_NULL_CONVERSION = YES;
				CLANG_WARN_OBJC_IMPLICIT_RETAIN_SELF = YES;
				CLANG_WARN_OBJC_LITERAL_CONVERSION = YES;
				CLANG_WARN_OBJC_ROOT_CLASS = YES_ERROR;
				CLANG_WARN_RANGE_LOOP_ANALYSIS = YES;
				CLANG_WARN_STRICT_PROTOTYPES = YES;
				CLANG_WARN_SUSPICIOUS_MOVE = YES;
				CLANG_WARN_UNGUARDED_AVAILABILITY = YES_AGGRESSIVE;
				CLANG_WARN_UNREACHABLE_CODE = YES;
				CLANG_WARN__DUPLICATE_METHOD_MATCH = YES;
				COPY_PHASE_STRIP = NO;
				DEBUG_INFORMATION_FORMAT = dwarf;
				ENABLE_STRICT_OBJC_MSGSEND = YES;
				ENABLE_TESTABILITY = YES;
				GCC_C_LANGUAGE_STANDARD = gnu11;
				GCC_DYNAMIC_NO_PIC = NO;
				GCC_NO_COMMON_BLOCKS = YES;
				GCC_OPTIMIZATION_LEVEL = 0;
				GCC_PREPROCESSOR_DEFINITIONS = (
					"DEBUG=1",
					"$(inherited)",
				);
				GCC_WARN_64_TO_32_BIT_CONVERSION = YES;
				GCC_WARN_ABOUT_RETURN_TYPE = YES_ERROR;
				GCC_WARN_UNDECLARED_SELECTOR = YES;
				GCC_WARN_UNINITIALIZED_AUTOS = YES_AGGRESSIVE;
				GCC_WARN_UNUSED_FUNCTION = YES;
				GCC_WARN_UNUSED_VARIABLE = YES;
				IPHONEOS_DEPLOYMENT_TARGET = 13.5;
				MTL_ENABLE_DEBUG_INFO = INCLUDE_SOURCE;
				MTL_FAST_MATH = YES;
				ONLY_ACTIVE_ARCH = YES;
				SDKROOT = iphoneos;
				SWIFT_ACTIVE_COMPILATION_CONDITIONS = DEBUG;
				SWIFT_OPTIMIZATION_LEVEL = "-Onone";
			};
			name = Debug;
		};
		70182DA524B9608C00954922 /* Release */ = {
			isa = XCBuildConfiguration;
			buildSettings = {
				ALWAYS_SEARCH_USER_PATHS = NO;
				CLANG_ANALYZER_NONNULL = YES;
				CLANG_ANALYZER_NUMBER_OBJECT_CONVERSION = YES_AGGRESSIVE;
				CLANG_CXX_LANGUAGE_STANDARD = "gnu++14";
				CLANG_CXX_LIBRARY = "libc++";
				CLANG_ENABLE_MODULES = YES;
				CLANG_ENABLE_OBJC_ARC = YES;
				CLANG_ENABLE_OBJC_WEAK = YES;
				CLANG_WARN_BLOCK_CAPTURE_AUTORELEASING = YES;
				CLANG_WARN_BOOL_CONVERSION = YES;
				CLANG_WARN_COMMA = YES;
				CLANG_WARN_CONSTANT_CONVERSION = YES;
				CLANG_WARN_DEPRECATED_OBJC_IMPLEMENTATIONS = YES;
				CLANG_WARN_DIRECT_OBJC_ISA_USAGE = YES_ERROR;
				CLANG_WARN_DOCUMENTATION_COMMENTS = YES;
				CLANG_WARN_EMPTY_BODY = YES;
				CLANG_WARN_ENUM_CONVERSION = YES;
				CLANG_WARN_INFINITE_RECURSION = YES;
				CLANG_WARN_INT_CONVERSION = YES;
				CLANG_WARN_NON_LITERAL_NULL_CONVERSION = YES;
				CLANG_WARN_OBJC_IMPLICIT_RETAIN_SELF = YES;
				CLANG_WARN_OBJC_LITERAL_CONVERSION = YES;
				CLANG_WARN_OBJC_ROOT_CLASS = YES_ERROR;
				CLANG_WARN_RANGE_LOOP_ANALYSIS = YES;
				CLANG_WARN_STRICT_PROTOTYPES = YES;
				CLANG_WARN_SUSPICIOUS_MOVE = YES;
				CLANG_WARN_UNGUARDED_AVAILABILITY = YES_AGGRESSIVE;
				CLANG_WARN_UNREACHABLE_CODE = YES;
				CLANG_WARN__DUPLICATE_METHOD_MATCH = YES;
				COPY_PHASE_STRIP = NO;
				DEBUG_INFORMATION_FORMAT = "dwarf-with-dsym";
				ENABLE_NS_ASSERTIONS = NO;
				ENABLE_STRICT_OBJC_MSGSEND = YES;
				GCC_C_LANGUAGE_STANDARD = gnu11;
				GCC_NO_COMMON_BLOCKS = YES;
				GCC_WARN_64_TO_32_BIT_CONVERSION = YES;
				GCC_WARN_ABOUT_RETURN_TYPE = YES_ERROR;
				GCC_WARN_UNDECLARED_SELECTOR = YES;
				GCC_WARN_UNINITIALIZED_AUTOS = YES_AGGRESSIVE;
				GCC_WARN_UNUSED_FUNCTION = YES;
				GCC_WARN_UNUSED_VARIABLE = YES;
				IPHONEOS_DEPLOYMENT_TARGET = 13.5;
				MTL_ENABLE_DEBUG_INFO = NO;
				MTL_FAST_MATH = YES;
				SDKROOT = iphoneos;
				SWIFT_COMPILATION_MODE = wholemodule;
				SWIFT_OPTIMIZATION_LEVEL = "-O";
				VALIDATE_PRODUCT = YES;
			};
			name = Release;
		};
		70182DA724B9608C00954922 /* Debug */ = {
			isa = XCBuildConfiguration;
			buildSettings = {
				ASSETCATALOG_COMPILER_APPICON_NAME = AppIcon;
				CODE_SIGN_STYLE = Automatic;
				DEVELOPMENT_ASSET_PATHS = "\"swiftui_tutorilals/Preview Content\"";
				DEVELOPMENT_TEAM = 4QA8P2NACJ;
				ENABLE_PREVIEWS = YES;
				INFOPLIST_FILE = swiftui_tutorilals/Info.plist;
				LD_RUNPATH_SEARCH_PATHS = (
					"$(inherited)",
					"@executable_path/Frameworks",
				);
				PRODUCT_BUNDLE_IDENTIFIER = "Yusuke-Miyata.swiftui-tutorilals";
				PRODUCT_NAME = "$(TARGET_NAME)";
				SWIFT_VERSION = 5.0;
				TARGETED_DEVICE_FAMILY = "1,2";
			};
			name = Debug;
		};
		70182DA824B9608C00954922 /* Release */ = {
			isa = XCBuildConfiguration;
			buildSettings = {
				ASSETCATALOG_COMPILER_APPICON_NAME = AppIcon;
				CODE_SIGN_STYLE = Automatic;
				DEVELOPMENT_ASSET_PATHS = "\"swiftui_tutorilals/Preview Content\"";
				DEVELOPMENT_TEAM = 4QA8P2NACJ;
				ENABLE_PREVIEWS = YES;
				INFOPLIST_FILE = swiftui_tutorilals/Info.plist;
				LD_RUNPATH_SEARCH_PATHS = (
					"$(inherited)",
					"@executable_path/Frameworks",
				);
				PRODUCT_BUNDLE_IDENTIFIER = "Yusuke-Miyata.swiftui-tutorilals";
				PRODUCT_NAME = "$(TARGET_NAME)";
				SWIFT_VERSION = 5.0;
				TARGETED_DEVICE_FAMILY = "1,2";
			};
			name = Release;
		};
/* End XCBuildConfiguration section */

/* Begin XCConfigurationList section */
		70182D8D24B9608A00954922 /* Build configuration list for PBXProject "swiftui_tutorilals" */ = {
			isa = XCConfigurationList;
			buildConfigurations = (
				70182DA424B9608C00954922 /* Debug */,
				70182DA524B9608C00954922 /* Release */,
			);
			defaultConfigurationIsVisible = 0;
			defaultConfigurationName = Release;
		};
		70182DA624B9608C00954922 /* Build configuration list for PBXNativeTarget "swiftui_tutorilals" */ = {
			isa = XCConfigurationList;
			buildConfigurations = (
				70182DA724B9608C00954922 /* Debug */,
				70182DA824B9608C00954922 /* Release */,
			);
			defaultConfigurationIsVisible = 0;
			defaultConfigurationName = Release;
		};
/* End XCConfigurationList section */
	};
	rootObject = 70182D8A24B9608A00954922 /* Project object */;
}
