// !$*UTF8*$!
{
	archiveVersion = 1;
	classes = {
	};
	objectVersion = 50;
	objects = {

/* Begin PBXBuildFile section */
		70182D9624B9608A00954922 /* AppDelegate.swift in Sources */ = {isa = PBXBuildFile; fileRef = 70182D9524B9608A00954922 /* AppDelegate.swift */; };
		70182D9824B9608A00954922 /* SceneDelegate.swift in Sources */ = {isa = PBXBuildFile; fileRef = 70182D9724B9608A00954922 /* SceneDelegate.swift */; };
		70182D9A24B9608A00954922 /* ContentView.swift in Sources */ = {isa = PBXBuildFile; fileRef = 70182D9924B9608A00954922 /* ContentView.swift */; };
		70182D9C24B9608C00954922 /* Assets.xcassets in Resources */ = {isa = PBXBuildFile; fileRef = 70182D9B24B9608C00954922 /* Assets.xcassets */; };
		70182D9F24B9608C00954922 /* Preview Assets.xcassets in Resources */ = {isa = PBXBuildFile; fileRef = 70182D9E24B9608C00954922 /* Preview Assets.xcassets */; };
		70182DA224B9608C00954922 /* LaunchScreen.storyboard in Resources */ = {isa = PBXBuildFile; fileRef = 70182DA024B9608C00954922 /* LaunchScreen.storyboard */; };
/* End PBXBuildFile section */

/* Begin PBXFileReference section */
		70182D9224B9608A00954922 /* swiftui_tutorilals.app */ = {isa = PBXFileReference; explicitFileType = wrapper.application; includeInIndex = 0; path = swiftui_tutorilals.app; sourceTree = BUILT_PRODUCTS_DIR; };
		70182D9524B9608A00954922 /* AppDelegate.swift */ = {isa = PBXFileReference; lastKnownFileType = sourcecode.swift; path = AppDelegate.swift; sourceTree = "<group>"; };
		70182D9724B9608A00954922 /* SceneDelegate.swift */ = {isa = PBXFileReference; lastKnownFileType = sourcecode.swift; path = SceneDelegate.swift; sourceTree = "<group>"; };
		70182D9924B9608A00954922 /* ContentView.swift */ = {isa = PBXFileReference; lastKnownFileType = sourcecode.swift; path = ContentView.swift; sourceTree = "<group>"; };
		70182D9B24B9608C00954922 /* Assets.xcassets */ = {isa = PBXFileReference; lastKnownFileType = folder.assetcatalog; path = Assets.xcassets; sourceTree = "<group>"; };
		70182D9E24B9608C00954922 /* Preview Assets.xcassets */ = {isa = PBXFileReference; lastKnownFileType = folder.assetcatalog; path = "Preview Assets.xcassets"; sourceTree = "<group>"; };
		70182DA124B9608C00954922 /* Base */ = {isa = PBXFileReference; lastKnownFileType = file.storyboard; name = Base; path = Base.lproj/LaunchScreen.storyboard; sourceTree = "<group>"; };
		70182DA324B9608C00954922 /* Info.plist */ = {isa = PBXFileReference; lastKnownFileType = text.plist.xml; path = Info.plist; sourceTree = "<group>"; };
/* End PBXFileReference section */

/* Begin PBXFrameworksBuildPhase section */
		70182D8F24B9608A00954922 /* Frameworks */ = {
			isa = PBXFrameworksBuildPhase;
			buildActionMask = 2147483647;
			files = (
			);
			runOnlyForDeploymentPostprocessing = 0;
		};
/* End PBXFrameworksBuildPhase section */

/* Begin PBXGroup section */
		70182D8924B9608A00954922 = {
			isa = PBXGroup;
			children = (
				70182D9424B9608A00954922 /* swiftui_tutorilals */,
				70182D9324B9608A00954922 /* Products */,
			);
			sourceTree = "<group>";
		};
		70182D9324B9608A00954922 /* Products */ = {
			isa = PBXGroup;
			children = (
				70182D9224B9608A00954922 /* swiftui_tutorilals.app */,
			);
			name = Products;
			sourceTree = "<group>";
		};
		70182D9424B9608A00954922 /* swiftui_tutorilals */ = {
			isa = PBXGroup;
			children = (
				70182D9524B9608A00954922 /* AppDelegate.swift */,
				70182D9724B9608A00954922 /* SceneDelegate.swift */,
				70182D9924B9608A00954922 /* ContentView.swift */,
				70182D9B24B9608C00954922 /* Assets.xcassets */,
				70182DA024B9608C00954922 /* LaunchScreen.storyboard */,
				70182DA324B9608C00954922 /* Info.plist */,
				70182D9D24B9608C00954922 /* Preview Content */,
			);
			path = swiftui_tutorilals;
			sourceTree = "<group>";
		};
		70182D9D24B9608C00954922 /* Preview Content */ = {
			isa = PBXGroup;
			children = (
				70182D9E24B9608C00954922 /* Preview Assets.xcassets */,
			);
			path = "Preview Content";
			sourceTree = "<group>";
		};
/* End PBXGroup section */

/* Begin PBXNativeTarget section */
		70182D9124B9608A00954922 /* swiftui_tutorilals */ = {
			isa = PBXNativeTarget;
			buildConfigurationList = 70182DA624B9608C00954922 /* Build configuration list for PBXNativeTarget "swiftui_tutorilals" */;
			buildPhases = (
				70182D8E24B9608A00954922 /* Sources */,
				70182D8F24B9608A00954922 /* Frameworks */,
				70182D9024B9608A00954922 /* Resources */,
			);
			buildRules = (
			);
			dependencies = (
			);
			name = swiftui_tutorilals;
			productName = swiftui_tutorilals;
			productReference = 70182D9224B9608A00954922 /* swiftui_tutorilals.app */;
			productType = "com.apple.product-type.application";
		};
/* End PBXNativeTarget section */

/* Begin PBXProject section */
		70182D8A24B9608A00954922 /* Project object */ = {
			isa = PBXProject;
			attributes = {
				LastSwiftUpdateCheck = 1150;
				LastUpgradeCheck = 1150;
				ORGANIZATIONNAME = "Yusuke Miyata";
				TargetAttributes = {
					70182D9124B9608A00954922 = {
						CreatedOnToolsVersion = 11.5;
					};
				};
			};
			buildConfigurationList = 70182D8D24B9608A00954922 /* Build configuration list for PBXProject "swiftui_tutorilals" */;
			compatibilityVersion = "Xcode 9.3";
			developmentRegion = en;
			hasScannedForEncodings = 0;
			knownRegions = (
				en,
				Base,
			);
			mainGroup = 70182D8924B9608A00954922;
			productRefGroup = 70182D9324B9608A00954922 /* Products */;
			projectDirPath = "";
			projectRoot = "";
			targets = (
				70182D9124B9608A00954922 /* swiftui_tutorilals */,
			);
		};
/* End PBXProject section */

/* Begin PBXResourcesBuildPhase section */
		70182D9024B9608A00954922 /* Resources */ = {
			isa = PBXResourcesBuildPhase;
			buildActionMask = 2147483647;
			files = (
				70182DA224B9608C00954922 /* LaunchScreen.storyboard in Resources */,
				70182D9F24B9608C00954922 /* Preview Assets.xcassets in Resources */,
				70182D9C24B9608C00954922 /* Assets.xcassets in Resources */,
			);
			runOnlyForDeploymentPostprocessing = 0;
		};
/* End PBXResourcesBuildPhase section */

/* Begin PBXSourcesBuildPhase section */
		70182D8E24B9608A00954922 /* Sources */ = {
			isa = PBXSourcesBuildPhase;
			buildActionMask = 2147483647;
			files = (
				70182D9624B9608A00954922 /* AppDelegate.swift in Sources */,
				70182D9824B9608A00954922 /* SceneDelegate.swift in Sources */,
				70182D9A24B9608A00954922 /* ContentView.swift in Sources */,
			);
			runOnlyForDeploymentPostprocessing = 0;
		};
/* End PBXSourcesBuildPhase section */

/* Begin PBXVariantGroup section */
		70182DA024B9608C00954922 /* LaunchScreen.storyboard */ = {
			isa = PBXVariantGroup;
			children = (
				70182DA124B9608C00954922 /* Base */,
			);
			name = LaunchScreen.storyboard;
			sourceTree = "<group>";
		};
/* End PBXVariantGroup section */

/* Begin XCBuildConfiguration section */
		70182DA424B9608C00954922 /* Debug */ = {
			isa = XCBuildConfiguration;
			buildSettings = {
				ALWAYS_SEARCH_USER_PATHS = NO;
				CLANG_ANALYZER_NONNULL = YES;
				CLANG_ANALYZER_NUMBER_OBJECT_CONVERSION = YES_AGGRESSIVE;
				CLANG_CXX_LANGUAGE_STANDARD = "gnu++14";
				CLANG_CXX_LIBRARY = "libc++";
				CLANG_ENABLE_MODULES = YES;
				CLANG_ENABLE_OBJC_ARC = YES;
				CLANG_ENABLE_OBJC_WEAK = YES;
				CLANG_WARN_BLOCK_CAPTURE_AUTORELEASING = YES;
				CLANG_WARN_BOOL_CONVERSION = YES;
				CLANG_WARN_COMMA = YES;
				CLANG_WARN_CONSTANT_CONVERSION = YES;
				CLANG_WARN_DEPRECATED_OBJC_IMPLEMENTATIONS = YES;
				CLANG_WARN_DIRECT_OBJC_ISA_USAGE = YES_ERROR;
				CLANG_WARN_DOCUMENTATION_COMMENTS = YES;
				CLANG_WARN_EMPTY_BODY = YES;
				CLANG_WARN_ENUM_CONVERSION = YES;
				CLANG_WARN_INFINITE_RECURSION = YES;
				CLANG_WARN_INT_CONVERSION = YES;
				CLANG_WARN_NON_LITERAL_NULL_CONVERSION = YES;
				CLANG_WARN_OBJC_IMPLICIT_RETAIN_SELF = YES;
				CLANG_WARN_OBJC_LITERAL_CONVERSION = YES;
				CLANG_WARN_OBJC_ROOT_CLASS = YES_ERROR;
				CLANG_WARN_RANGE_LOOP_ANALYSIS = YES;
				CLANG_WARN_STRICT_PROTOTYPES = YES;
				CLANG_WARN_SUSPICIOUS_MOVE = YES;
				CLANG_WARN_UNGUARDED_AVAILABILITY = YES_AGGRESSIVE;
				CLANG_WARN_UNREACHABLE_CODE = YES;
				CLANG_WARN__DUPLICATE_METHOD_MATCH = YES;
				COPY_PHASE_STRIP = NO;
				DEBUG_INFORMATION_FORMAT = dwarf;
				ENABLE_STRICT_OBJC_MSGSEND = YES;
				ENABLE_TESTABILITY = YES;
				GCC_C_LANGUAGE_STANDARD = gnu11;
				GCC_DYNAMIC_NO_PIC = NO;
				GCC_NO_COMMON_BLOCKS = YES;
				GCC_OPTIMIZATION_LEVEL = 0;
				GCC_PREPROCESSOR_DEFINITIONS = (
					"DEBUG=1",
					"$(inherited)",
				);
				GCC_WARN_64_TO_32_BIT_CONVERSION = YES;
				GCC_WARN_ABOUT_RETURN_TYPE = YES_ERROR;
				GCC_WARN_UNDECLARED_SELECTOR = YES;
				GCC_WARN_UNINITIALIZED_AUTOS = YES_AGGRESSIVE;
				GCC_WARN_UNUSED_FUNCTION = YES;
				GCC_WARN_UNUSED_VARIABLE = YES;
				IPHONEOS_DEPLOYMENT_TARGET = 13.5;
				MTL_ENABLE_DEBUG_INFO = INCLUDE_SOURCE;
				MTL_FAST_MATH = YES;
				ONLY_ACTIVE_ARCH = YES;
				SDKROOT = iphoneos;
				SWIFT_ACTIVE_COMPILATION_CONDITIONS = DEBUG;
				SWIFT_OPTIMIZATION_LEVEL = "-Onone";
			};
			name = Debug;
		};
		70182DA524B9608C00954922 /* Release */ = {
			isa = XCBuildConfiguration;
			buildSettings = {
				ALWAYS_SEARCH_USER_PATHS = NO;
				CLANG_ANALYZER_NONNULL = YES;
				CLANG_ANALYZER_NUMBER_OBJECT_CONVERSION = YES_AGGRESSIVE;
				CLANG_CXX_LANGUAGE_STANDARD = "gnu++14";
				CLANG_CXX_LIBRARY = "libc++";
				CLANG_ENABLE_MODULES = YES;
				CLANG_ENABLE_OBJC_ARC = YES;
				CLANG_ENABLE_OBJC_WEAK = YES;
				CLANG_WARN_BLOCK_CAPTURE_AUTORELEASING = YES;
				CLANG_WARN_BOOL_CONVERSION = YES;
				CLANG_WARN_COMMA = YES;
				CLANG_WARN_CONSTANT_CONVERSION = YES;
				CLANG_WARN_DEPRECATED_OBJC_IMPLEMENTATIONS = YES;
				CLANG_WARN_DIRECT_OBJC_ISA_USAGE = YES_ERROR;
				CLANG_WARN_DOCUMENTATION_COMMENTS = YES;
				CLANG_WARN_EMPTY_BODY = YES;
				CLANG_WARN_ENUM_CONVERSION = YES;
				CLANG_WARN_INFINITE_RECURSION = YES;
				CLANG_WARN_INT_CONVERSION = YES;
				CLANG_WARN_NON_LITERAL_NULL_CONVERSION = YES;
				CLANG_WARN_OBJC_IMPLICIT_RETAIN_SELF = YES;
				CLANG_WARN_OBJC_LITERAL_CONVERSION = YES;
				CLANG_WARN_OBJC_ROOT_CLASS = YES_ERROR;
				CLANG_WARN_RANGE_LOOP_ANALYSIS = YES;
				CLANG_WARN_STRICT_PROTOTYPES = YES;
				CLANG_WARN_SUSPICIOUS_MOVE = YES;
				CLANG_WARN_UNGUARDED_AVAILABILITY = YES_AGGRESSIVE;
				CLANG_WARN_UNREACHABLE_CODE = YES;
				CLANG_WARN__DUPLICATE_METHOD_MATCH = YES;
				COPY_PHASE_STRIP = NO;
				DEBUG_INFORMATION_FORMAT = "dwarf-with-dsym";
				ENABLE_NS_ASSERTIONS = NO;
				ENABLE_STRICT_OBJC_MSGSEND = YES;
				GCC_C_LANGUAGE_STANDARD = gnu11;
				GCC_NO_COMMON_BLOCKS = YES;
				GCC_WARN_64_TO_32_BIT_CONVERSION = YES;
				GCC_WARN_ABOUT_RETURN_TYPE = YES_ERROR;
				GCC_WARN_UNDECLARED_SELECTOR = YES;
				GCC_WARN_UNINITIALIZED_AUTOS = YES_AGGRESSIVE;
				GCC_WARN_UNUSED_FUNCTION = YES;
				GCC_WARN_UNUSED_VARIABLE = YES;
				IPHONEOS_DEPLOYMENT_TARGET = 13.5;
				MTL_ENABLE_DEBUG_INFO = NO;
				MTL_FAST_MATH = YES;
				SDKROOT = iphoneos;
				SWIFT_COMPILATION_MODE = wholemodule;
				SWIFT_OPTIMIZATION_LEVEL = "-O";
				VALIDATE_PRODUCT = YES;
			};
			name = Release;
		};
		70182DA724B9608C00954922 /* Debug */ = {
			isa = XCBuildConfiguration;
			buildSettings = {
				ASSETCATALOG_COMPILER_APPICON_NAME = AppIcon;
				CODE_SIGN_STYLE = Automatic;
				DEVELOPMENT_ASSET_PATHS = "\"swiftui_tutorilals/Preview Content\"";
				DEVELOPMENT_TEAM = 4QA8P2NACJ;
				ENABLE_PREVIEWS = YES;
				INFOPLIST_FILE = swiftui_tutorilals/Info.plist;
				LD_RUNPATH_SEARCH_PATHS = (
					"$(inherited)",
					"@executable_path/Frameworks",
				);
				PRODUCT_BUNDLE_IDENTIFIER = "Yusuke-Miyata.swiftui-tutorilals";
				PRODUCT_NAME = "$(TARGET_NAME)";
				SWIFT_VERSION = 5.0;
				TARGETED_DEVICE_FAMILY = "1,2";
			};
			name = Debug;
		};
		70182DA824B9608C00954922 /* Release */ = {
			isa = XCBuildConfiguration;
			buildSettings = {
				ASSETCATALOG_COMPILER_APPICON_NAME = AppIcon;
				CODE_SIGN_STYLE = Automatic;
				DEVELOPMENT_ASSET_PATHS = "\"swiftui_tutorilals/Preview Content\"";
				DEVELOPMENT_TEAM = 4QA8P2NACJ;
				ENABLE_PREVIEWS = YES;
				INFOPLIST_FILE = swiftui_tutorilals/Info.plist;
				LD_RUNPATH_SEARCH_PATHS = (
					"$(inherited)",
					"@executable_path/Frameworks",
				);
				PRODUCT_BUNDLE_IDENTIFIER = "Yusuke-Miyata.swiftui-tutorilals";
				PRODUCT_NAME = "$(TARGET_NAME)";
				SWIFT_VERSION = 5.0;
				TARGETED_DEVICE_FAMILY = "1,2";
			};
			name = Release;
		};
/* End XCBuildConfiguration section */

/* Begin XCConfigurationList section */
		70182D8D24B9608A00954922 /* Build configuration list for PBXProject "swiftui_tutorilals" */ = {
			isa = XCConfigurationList;
			buildConfigurations = (
				70182DA424B9608C00954922 /* Debug */,
				70182DA524B9608C00954922 /* Release */,
			);
			defaultConfigurationIsVisible = 0;
			defaultConfigurationName = Release;
		};
		70182DA624B9608C00954922 /* Build configuration list for PBXNativeTarget "swiftui_tutorilals" */ = {
			isa = XCConfigurationList;
			buildConfigurations = (
				70182DA724B9608C00954922 /* Debug */,
				70182DA824B9608C00954922 /* Release */,
			);
			defaultConfigurationIsVisible = 0;
			defaultConfigurationName = Release;
		};
/* End XCConfigurationList section */
	};
	rootObject = 70182D8A24B9608A00954922 /* Project object */;
}
